<?xml version="1.0" encoding="utf-8"?>
<Project ToolsVersion="4.0" xmlns="http://schemas.microsoft.com/developer/msbuild/2003">
  <ItemGroup>
    <Filter Include="源文件">
      <UniqueIdentifier>{4FC737F1-C7A5-4376-A066-2A32D752A2FF}</UniqueIdentifier>
      <Extensions>cpp;c;cc;cxx;def;odl;idl;hpj;bat;asm;asmx</Extensions>
    </Filter>
    <Filter Include="头文件">
      <UniqueIdentifier>{93995380-89BD-4b04-88EB-625FBE52EBFB}</UniqueIdentifier>
      <Extensions>h;hh;hpp;hxx;hm;inl;inc;ipp;xsd</Extensions>
    </Filter>
    <Filter Include="资源文件">
      <UniqueIdentifier>{67DA6AB6-F800-4c08-8B7A-83BB121AAD01}</UniqueIdentifier>
      <Extensions>rc;ico;cur;bmp;dlg;rc2;rct;bin;rgs;gif;jpg;jpeg;jpe;resx;tiff;tif;png;wav;mfcribbon-ms</Extensions>
    </Filter>
  </ItemGroup>
  <ItemGroup>
    <ClCompile Include="1.继承.cpp">
      <Filter>源文件</Filter>
    </ClCompile>
    <ClCompile Include="classImpl.cpp">
      <Filter>头文件</Filter>
    </ClCompile>
    <ClCompile Include="2.继承方式.cpp">
      <Filter>源文件</Filter>
    </ClCompile>
    <ClCompile Include="3.继承的属性和函数.cpp">
      <Filter>源文件</Filter>
    </ClCompile>
    <ClCompile Include="4.菱形继承.cpp">
      <Filter>源文件</Filter>
    </ClCompile>
    <ClCompile Include="5.多态.cpp">
      <Filter>源文件</Filter>
    </ClCompile>
    <ClCompile Include="6.写文件.cpp">
      <Filter>源文件</Filter>
    </ClCompile>
    <ClCompile Include="7.读文件.cpp">
      <Filter>源文件</Filter>
    </ClCompile>
    <ClCompile Include="8.二进制写文件.cpp">
      <Filter>源文件</Filter>
    </ClCompile>
    <ClCompile Include="9.二进制写文件.cpp">
      <Filter>源文件</Filter>
    </ClCompile>
    <ClCompile Include="10.函数模板语法.cpp">
      <Filter>源文件</Filter>
    </ClCompile>
    <ClCompile Include="11.名称空间.cpp">
      <Filter>源文件</Filter>
    </ClCompile>
    <ClCompile Include="name.cpp">
      <Filter>头文件</Filter>
    </ClCompile>
    <ClCompile Include="测试memory.cpp">
      <Filter>源文件</Filter>
    </ClCompile>
    <ClCompile Include="12.windows下多线程.cpp">
      <Filter>源文件</Filter>
    </ClCompile>
    <ClCompile Include="13.多线程之取放牛奶.cpp">
      <Filter>源文件</Filter>
    </ClCompile>
    <ClCompile Include="14.window网络编程.cpp">
      <Filter>源文件</Filter>
    </ClCompile>
  </ItemGroup>
  <ItemGroup>
    <ClInclude Include="class.h">
      <Filter>头文件</Filter>
    </ClInclude>
    <ClInclude Include="baseClass.h">
      <Filter>头文件</Filter>
    </ClInclude>
    <ClInclude Include="name.h">
      <Filter>头文件</Filter>
    </ClInclude>
  </ItemGroup>
</Project>